
Microsoft Visual Studio Solution File, Format Version 12.00
# Visual Studio Version 17
VisualStudioVersion = 17.14.36518.9 d17.14
MinimumVisualStudioVersion = 10.0.40219.1
Project("{FAE04EC0-301F-11D3-BF4B-00C04F79EFBC}") = "Inheritance_Example2", "Inheritance_Example2\Inheritance_Example2.csproj", "{4E944D85-E69B-4750-8FE9-08B93F08C0F4}"
EndProject
Global
	GlobalSection(SolutionConfigurationPlatforms) = preSolution
		Debug|Any CPU = Debug|Any CPU
		Release|Any CPU = Release|Any CPU
	EndGlobalSection
	GlobalSection(ProjectConfigurationPlatforms) = postSolution
		{4E944D85-E69B-4750-8FE9-08B93F08C0F4}.Debug|Any CPU.ActiveCfg = Debug|Any CPU
		{4E944D85-E69B-4750-8FE9-08B93F08C0F4}.Debug|Any CPU.Build.0 = Debug|Any CPU
		{4E944D85-E69B-4750-8FE9-08B93F08C0F4}.Release|Any CPU.ActiveCfg = Release|Any CPU
		{4E944D85-E69B-4750-8FE9-08B93F08C0F4}.Release|Any CPU.Build.0 = Release|Any CPU
	EndGlobalSection
	GlobalSection(SolutionProperties) = preSolution
		HideSolutionNode = FALSE
	EndGlobalSection
	GlobalSection(ExtensibilityGlobals) = postSolution
		SolutionGuid = {D40A4415-1091-4905-B5FF-36CF03B5E060}
	EndGlobalSection
EndGlobal
